// !$*UTF8*$!
{
	archiveVersion = 1;
	classes = {
	};
	objectVersion = 46;
	objects = {

/* Begin PBXBuildFile section */
		4219A3C61CD38978005354B2 /* AppDelegate.swift in Sources */ = {isa = PBXBuildFile; fileRef = 4219A3C51CD38978005354B2 /* AppDelegate.swift */; };
		4219A3C81CD38978005354B2 /* ViewController.swift in Sources */ = {isa = PBXBuildFile; fileRef = 4219A3C71CD38978005354B2 /* ViewController.swift */; };
		4219A3CB1CD38978005354B2 /* Main.storyboard in Resources */ = {isa = PBXBuildFile; fileRef = 4219A3C91CD38978005354B2 /* Main.storyboard */; };
		4219A3CD1CD38979005354B2 /* Assets.xcassets in Resources */ = {isa = PBXBuildFile; fileRef = 4219A3CC1CD38979005354B2 /* Assets.xcassets */; };
		4219A3D01CD38979005354B2 /* LaunchScreen.storyboard in Resources */ = {isa = PBXBuildFile; fileRef = 4219A3CE1CD38979005354B2 /* LaunchScreen.storyboard */; };
		4219A3D81CD39291005354B2 /* Location.swift in Sources */ = {isa = PBXBuildFile; fileRef = 4219A3D71CD39291005354B2 /* Location.swift */; };
		422E7C511D410BE7000B995F /* AddLocationVC.swift in Sources */ = {isa = PBXBuildFile; fileRef = 422E7C501D410BE7000B995F /* AddLocationVC.swift */; };
		423843B01D0A2B2700DAD85A /* DataService.swift in Sources */ = {isa = PBXBuildFile; fileRef = 423843AF1D0A2B2700DAD85A /* DataService.swift */; };
		423843B41D0A2F3500DAD85A /* GoogleService-Info.plist in Resources */ = {isa = PBXBuildFile; fileRef = 423843B31D0A2F3500DAD85A /* GoogleService-Info.plist */; };
		424EF11C1D2F412500D5817A /* UIColor+CustomColors.swift in Sources */ = {isa = PBXBuildFile; fileRef = 424EF11B1D2F412500D5817A /* UIColor+CustomColors.swift */; };
		426FA3371D3ED7E500D5B3BA /* HistoricLocation.swift in Sources */ = {isa = PBXBuildFile; fileRef = 426FA3361D3ED7E500D5B3BA /* HistoricLocation.swift */; };
		428B9CF91D2DF74A004858AA /* GeoJSONService.swift in Sources */ = {isa = PBXBuildFile; fileRef = 428B9CF81D2DF74A004858AA /* GeoJSONService.swift */; };
		42D3CFD31D3D9A26008E60DB /* OrmondTourVC.swift in Sources */ = {isa = PBXBuildFile; fileRef = 42D3CFD21D3D9A26008E60DB /* OrmondTourVC.swift */; };
		42D3CFD51D3DC43E008E60DB /* FirebaseDataService.swift in Sources */ = {isa = PBXBuildFile; fileRef = 42D3CFD41D3DC43E008E60DB /* FirebaseDataService.swift */; };
		42F3C55A1D41B51200AB4CD0 /* CustomButton.swift in Sources */ = {isa = PBXBuildFile; fileRef = 42F3C5591D41B51200AB4CD0 /* CustomButton.swift */; };
		42F4E6FD1D3FB73700D073CC /* OrmondAnnotation.swift in Sources */ = {isa = PBXBuildFile; fileRef = 42F4E6FC1D3FB73700D073CC /* OrmondAnnotation.swift */; };
		65A7E31C3DE438908A6BA176 /* Pods_OWTPhotoChecklist.framework in Frameworks */ = {isa = PBXBuildFile; fileRef = EE7A26D65E34FEBADF57A1CA /* Pods_OWTPhotoChecklist.framework */; };
/* End PBXBuildFile section */

/* Begin PBXFileReference section */
		3C4570D42EB660BEBDBC1A94 /* Pods-OWTPhotoChecklist.release.xcconfig */ = {isa = PBXFileReference; includeInIndex = 1; lastKnownFileType = text.xcconfig; name = "Pods-OWTPhotoChecklist.release.xcconfig"; path = "Pods/Target Support Files/Pods-OWTPhotoChecklist/Pods-OWTPhotoChecklist.release.xcconfig"; sourceTree = "<group>"; };
		4219A3C21CD38978005354B2 /* OWTPhotoChecklist.app */ = {isa = PBXFileReference; explicitFileType = wrapper.application; includeInIndex = 0; path = OWTPhotoChecklist.app; sourceTree = BUILT_PRODUCTS_DIR; };
		4219A3C51CD38978005354B2 /* AppDelegate.swift */ = {isa = PBXFileReference; lastKnownFileType = sourcecode.swift; path = AppDelegate.swift; sourceTree = "<group>"; };
		4219A3C71CD38978005354B2 /* ViewController.swift */ = {isa = PBXFileReference; lastKnownFileType = sourcecode.swift; name = ViewController.swift; path = Controllers/ViewController.swift; sourceTree = "<group>"; };
		4219A3CA1CD38978005354B2 /* Base */ = {isa = PBXFileReference; lastKnownFileType = file.storyboard; name = Base; path = Base.lproj/Main.storyboard; sourceTree = "<group>"; };
		4219A3CC1CD38979005354B2 /* Assets.xcassets */ = {isa = PBXFileReference; lastKnownFileType = folder.assetcatalog; path = Assets.xcassets; sourceTree = "<group>"; };
		4219A3CF1CD38979005354B2 /* Base */ = {isa = PBXFileReference; lastKnownFileType = file.storyboard; name = Base; path = Base.lproj/LaunchScreen.storyboard; sourceTree = "<group>"; };
		4219A3D11CD38979005354B2 /* Info.plist */ = {isa = PBXFileReference; lastKnownFileType = text.plist.xml; path = Info.plist; sourceTree = "<group>"; };
		4219A3D71CD39291005354B2 /* Location.swift */ = {isa = PBXFileReference; fileEncoding = 4; lastKnownFileType = sourcecode.swift; name = Location.swift; path = Models/Location.swift; sourceTree = "<group>"; };
		422E7C501D410BE7000B995F /* AddLocationVC.swift */ = {isa = PBXFileReference; fileEncoding = 4; lastKnownFileType = sourcecode.swift; name = AddLocationVC.swift; path = Controllers/AddLocationVC.swift; sourceTree = "<group>"; };
		423843AF1D0A2B2700DAD85A /* DataService.swift */ = {isa = PBXFileReference; fileEncoding = 4; lastKnownFileType = sourcecode.swift; name = DataService.swift; path = Services/DataService.swift; sourceTree = "<group>"; };
		423843B31D0A2F3500DAD85A /* GoogleService-Info.plist */ = {isa = PBXFileReference; fileEncoding = 4; lastKnownFileType = text.plist.xml; path = "GoogleService-Info.plist"; sourceTree = "<group>"; };
		424EF11B1D2F412500D5817A /* UIColor+CustomColors.swift */ = {isa = PBXFileReference; fileEncoding = 4; lastKnownFileType = sourcecode.swift; name = "UIColor+CustomColors.swift"; path = "Extensions/UIColor+CustomColors.swift"; sourceTree = "<group>"; };
		426FA3361D3ED7E500D5B3BA /* HistoricLocation.swift */ = {isa = PBXFileReference; fileEncoding = 4; lastKnownFileType = sourcecode.swift; name = HistoricLocation.swift; path = Models/HistoricLocation.swift; sourceTree = "<group>"; };
		428B9CF81D2DF74A004858AA /* GeoJSONService.swift */ = {isa = PBXFileReference; fileEncoding = 4; lastKnownFileType = sourcecode.swift; name = GeoJSONService.swift; path = Services/GeoJSONService.swift; sourceTree = "<group>"; };
		42D3CFD21D3D9A26008E60DB /* OrmondTourVC.swift */ = {isa = PBXFileReference; fileEncoding = 4; lastKnownFileType = sourcecode.swift; name = OrmondTourVC.swift; path = Controllers/OrmondTourVC.swift; sourceTree = "<group>"; };
		42D3CFD41D3DC43E008E60DB /* FirebaseDataService.swift */ = {isa = PBXFileReference; fileEncoding = 4; lastKnownFileType = sourcecode.swift; name = FirebaseDataService.swift; path = Services/FirebaseDataService.swift; sourceTree = "<group>"; };
		42F3C5591D41B51200AB4CD0 /* CustomButton.swift */ = {isa = PBXFileReference; fileEncoding = 4; lastKnownFileType = sourcecode.swift; name = CustomButton.swift; path = Views/CustomButton.swift; sourceTree = "<group>"; };
		42F4E6FC1D3FB73700D073CC /* OrmondAnnotation.swift */ = {isa = PBXFileReference; fileEncoding = 4; lastKnownFileType = sourcecode.swift; name = OrmondAnnotation.swift; path = Annotations/OrmondAnnotation.swift; sourceTree = "<group>"; };
		E10EA91A37537FDA8409AD62 /* Pods-OWTPhotoChecklist.debug.xcconfig */ = {isa = PBXFileReference; includeInIndex = 1; lastKnownFileType = text.xcconfig; name = "Pods-OWTPhotoChecklist.debug.xcconfig"; path = "Pods/Target Support Files/Pods-OWTPhotoChecklist/Pods-OWTPhotoChecklist.debug.xcconfig"; sourceTree = "<group>"; };
		EE7A26D65E34FEBADF57A1CA /* Pods_OWTPhotoChecklist.framework */ = {isa = PBXFileReference; explicitFileType = wrapper.framework; includeInIndex = 0; path = Pods_OWTPhotoChecklist.framework; sourceTree = BUILT_PRODUCTS_DIR; };
/* End PBXFileReference section */

/* Begin PBXFrameworksBuildPhase section */
		4219A3BF1CD38978005354B2 /* Frameworks */ = {
			isa = PBXFrameworksBuildPhase;
			buildActionMask = 2147483647;
			files = (
				65A7E31C3DE438908A6BA176 /* Pods_OWTPhotoChecklist.framework in Frameworks */,
			);
			runOnlyForDeploymentPostprocessing = 0;
		};
/* End PBXFrameworksBuildPhase section */

/* Begin PBXGroup section */
		4219A3B91CD38978005354B2 = {
			isa = PBXGroup;
			children = (
				4219A3C41CD38978005354B2 /* OWTPhotoChecklist */,
				4219A3C31CD38978005354B2 /* Products */,
				AFE5A48D86255809E7512E84 /* Pods */,
				EE9FA984DDE09EA94F973B7B /* Frameworks */,
			);
			sourceTree = "<group>";
		};
		4219A3C31CD38978005354B2 /* Products */ = {
			isa = PBXGroup;
			children = (
				4219A3C21CD38978005354B2 /* OWTPhotoChecklist.app */,
			);
			name = Products;
			sourceTree = "<group>";
		};
		4219A3C41CD38978005354B2 /* OWTPhotoChecklist */ = {
			isa = PBXGroup;
			children = (
				42F3C5581D41B50000AB4CD0 /* Views */,
				42F4E6FB1D3FB70200D073CC /* Annotations */,
				426FA3381D3EDA1000D5B3BA /* Resources */,
				426FA3351D3ED7C400D5B3BA /* Models */,
				42D3CFD11D3D99F7008E60DB /* Controllers */,
				424EF11A1D2F410C00D5817A /* Extensions */,
				423843AE1D0A2B1000DAD85A /* Services */,
				4219A3C51CD38978005354B2 /* AppDelegate.swift */,
				4219A3D11CD38979005354B2 /* Info.plist */,
				423843B31D0A2F3500DAD85A /* GoogleService-Info.plist */,
			);
			path = OWTPhotoChecklist;
			sourceTree = "<group>";
		};
		423843AE1D0A2B1000DAD85A /* Services */ = {
			isa = PBXGroup;
			children = (
				423843AF1D0A2B2700DAD85A /* DataService.swift */,
				428B9CF81D2DF74A004858AA /* GeoJSONService.swift */,
				42D3CFD41D3DC43E008E60DB /* FirebaseDataService.swift */,
			);
			name = Services;
			sourceTree = "<group>";
		};
		424EF11A1D2F410C00D5817A /* Extensions */ = {
			isa = PBXGroup;
			children = (
				424EF11B1D2F412500D5817A /* UIColor+CustomColors.swift */,
			);
			name = Extensions;
			sourceTree = "<group>";
		};
		426FA3351D3ED7C400D5B3BA /* Models */ = {
			isa = PBXGroup;
			children = (
				426FA3361D3ED7E500D5B3BA /* HistoricLocation.swift */,
				4219A3D71CD39291005354B2 /* Location.swift */,
			);
			name = Models;
			sourceTree = "<group>";
		};
		426FA3381D3EDA1000D5B3BA /* Resources */ = {
			isa = PBXGroup;
			children = (
				4219A3CC1CD38979005354B2 /* Assets.xcassets */,
				4219A3C91CD38978005354B2 /* Main.storyboard */,
				4219A3CE1CD38979005354B2 /* LaunchScreen.storyboard */,
			);
			name = Resources;
			sourceTree = "<group>";
		};
		42D3CFD11D3D99F7008E60DB /* Controllers */ = {
			isa = PBXGroup;
			children = (
				42D3CFD21D3D9A26008E60DB /* OrmondTourVC.swift */,
				4219A3C71CD38978005354B2 /* ViewController.swift */,
				422E7C501D410BE7000B995F /* AddLocationVC.swift */,
			);
			name = Controllers;
			sourceTree = "<group>";
		};
		42F3C5581D41B50000AB4CD0 /* Views */ = {
			isa = PBXGroup;
			children = (
				42F3C5591D41B51200AB4CD0 /* CustomButton.swift */,
			);
			name = Views;
			sourceTree = "<group>";
		};
		42F4E6FB1D3FB70200D073CC /* Annotations */ = {
			isa = PBXGroup;
			children = (
				42F4E6FC1D3FB73700D073CC /* OrmondAnnotation.swift */,
			);
			name = Annotations;
			sourceTree = "<group>";
		};
		AFE5A48D86255809E7512E84 /* Pods */ = {
			isa = PBXGroup;
			children = (
				E10EA91A37537FDA8409AD62 /* Pods-OWTPhotoChecklist.debug.xcconfig */,
				3C4570D42EB660BEBDBC1A94 /* Pods-OWTPhotoChecklist.release.xcconfig */,
			);
			name = Pods;
			sourceTree = "<group>";
		};
		EE9FA984DDE09EA94F973B7B /* Frameworks */ = {
			isa = PBXGroup;
			children = (
				EE7A26D65E34FEBADF57A1CA /* Pods_OWTPhotoChecklist.framework */,
			);
			name = Frameworks;
			sourceTree = "<group>";
		};
/* End PBXGroup section */

/* Begin PBXNativeTarget section */
		4219A3C11CD38978005354B2 /* OWTPhotoChecklist */ = {
			isa = PBXNativeTarget;
			buildConfigurationList = 4219A3D41CD38979005354B2 /* Build configuration list for PBXNativeTarget "OWTPhotoChecklist" */;
			buildPhases = (
				A789586B6AFB67E6F0169E7E /* [CP] Check Pods Manifest.lock */,
				4219A3BE1CD38978005354B2 /* Sources */,
				4219A3BF1CD38978005354B2 /* Frameworks */,
				4219A3C01CD38978005354B2 /* Resources */,
				40F6F2F53375A21B3CE190C2 /* [CP] Embed Pods Frameworks */,
				A832BC3600B963C0F0D591CC /* [CP] Copy Pods Resources */,
				569D615276DB7E9AFE2D6CB6 /* Embed Pods Frameworks */,
			);
			buildRules = (
			);
			dependencies = (
			);
			name = OWTPhotoChecklist;
			productName = OWTPhotoChecklist;
			productReference = 4219A3C21CD38978005354B2 /* OWTPhotoChecklist.app */;
			productType = "com.apple.product-type.application";
		};
/* End PBXNativeTarget section */

/* Begin PBXProject section */
		4219A3BA1CD38978005354B2 /* Project object */ = {
			isa = PBXProject;
			attributes = {
				LastSwiftUpdateCheck = 0730;
				LastUpgradeCheck = 0730;
				ORGANIZATIONNAME = WERUreo;
				TargetAttributes = {
					4219A3C11CD38978005354B2 = {
						CreatedOnToolsVersion = 7.3;
					};
				};
			};
			buildConfigurationList = 4219A3BD1CD38978005354B2 /* Build configuration list for PBXProject "OWTPhotoChecklist" */;
			compatibilityVersion = "Xcode 3.2";
			developmentRegion = English;
			hasScannedForEncodings = 0;
			knownRegions = (
				en,
				Base,
			);
			mainGroup = 4219A3B91CD38978005354B2;
			productRefGroup = 4219A3C31CD38978005354B2 /* Products */;
			projectDirPath = "";
			projectRoot = "";
			targets = (
				4219A3C11CD38978005354B2 /* OWTPhotoChecklist */,
			);
		};
/* End PBXProject section */

/* Begin PBXResourcesBuildPhase section */
		4219A3C01CD38978005354B2 /* Resources */ = {
			isa = PBXResourcesBuildPhase;
			buildActionMask = 2147483647;
			files = (
				4219A3D01CD38979005354B2 /* LaunchScreen.storyboard in Resources */,
				423843B41D0A2F3500DAD85A /* GoogleService-Info.plist in Resources */,
				4219A3CD1CD38979005354B2 /* Assets.xcassets in Resources */,
				4219A3CB1CD38978005354B2 /* Main.storyboard in Resources */,
			);
			runOnlyForDeploymentPostprocessing = 0;
		};
/* End PBXResourcesBuildPhase section */

/* Begin PBXShellScriptBuildPhase section */
		40F6F2F53375A21B3CE190C2 /* [CP] Embed Pods Frameworks */ = {
			isa = PBXShellScriptBuildPhase;
			buildActionMask = 2147483647;
			files = (
			);
			inputPaths = (
			);
			name = "[CP] Embed Pods Frameworks";
			outputPaths = (
			);
			runOnlyForDeploymentPostprocessing = 0;
			shellPath = /bin/sh;
			shellScript = "\"${SRCROOT}/Pods/Target Support Files/Pods-OWTPhotoChecklist/Pods-OWTPhotoChecklist-frameworks.sh\"\n";
			showEnvVarsInLog = 0;
		};
		569D615276DB7E9AFE2D6CB6 /* Embed Pods Frameworks */ = {
			isa = PBXShellScriptBuildPhase;
			buildActionMask = 2147483647;
			files = (
			);
			inputPaths = (
			);
			name = "Embed Pods Frameworks";
			outputPaths = (
			);
			runOnlyForDeploymentPostprocessing = 0;
			shellPath = /bin/sh;
			shellScript = "\"${SRCROOT}/Pods/Target Support Files/Pods-OWTPhotoChecklist/Pods-OWTPhotoChecklist-frameworks.sh\"\n";
			showEnvVarsInLog = 0;
		};
		A789586B6AFB67E6F0169E7E /* [CP] Check Pods Manifest.lock */ = {
			isa = PBXShellScriptBuildPhase;
			buildActionMask = 2147483647;
			files = (
			);
			inputPaths = (
			);
			name = "[CP] Check Pods Manifest.lock";
			outputPaths = (
			);
			runOnlyForDeploymentPostprocessing = 0;
			shellPath = /bin/sh;
			shellScript = "diff \"${PODS_ROOT}/../Podfile.lock\" \"${PODS_ROOT}/Manifest.lock\" > /dev/null\nif [[ $? != 0 ]] ; then\n    cat << EOM\nerror: The sandbox is not in sync with the Podfile.lock. Run 'pod install' or update your CocoaPods installation.\nEOM\n    exit 1\nfi\n";
			showEnvVarsInLog = 0;
		};
		A832BC3600B963C0F0D591CC /* [CP] Copy Pods Resources */ = {
			isa = PBXShellScriptBuildPhase;
			buildActionMask = 2147483647;
			files = (
			);
			inputPaths = (
			);
			name = "[CP] Copy Pods Resources";
			outputPaths = (
			);
			runOnlyForDeploymentPostprocessing = 0;
			shellPath = /bin/sh;
			shellScript = "\"${SRCROOT}/Pods/Target Support Files/Pods-OWTPhotoChecklist/Pods-OWTPhotoChecklist-resources.sh\"\n";
			showEnvVarsInLog = 0;
		};
/* End PBXShellScriptBuildPhase section */

/* Begin PBXSourcesBuildPhase section */
		4219A3BE1CD38978005354B2 /* Sources */ = {
			isa = PBXSourcesBuildPhase;
			buildActionMask = 2147483647;
			files = (
				42D3CFD51D3DC43E008E60DB /* FirebaseDataService.swift in Sources */,
				4219A3C81CD38978005354B2 /* ViewController.swift in Sources */,
				428B9CF91D2DF74A004858AA /* GeoJSONService.swift in Sources */,
				4219A3D81CD39291005354B2 /* Location.swift in Sources */,
				4219A3C61CD38978005354B2 /* AppDelegate.swift in Sources */,
				426FA3371D3ED7E500D5B3BA /* HistoricLocation.swift in Sources */,
				424EF11C1D2F412500D5817A /* UIColor+CustomColors.swift in Sources */,
				42F4E6FD1D3FB73700D073CC /* OrmondAnnotation.swift in Sources */,
				42F3C55A1D41B51200AB4CD0 /* CustomButton.swift in Sources */,
				42D3CFD31D3D9A26008E60DB /* OrmondTourVC.swift in Sources */,
				423843B01D0A2B2700DAD85A /* DataService.swift in Sources */,
				422E7C511D410BE7000B995F /* AddLocationVC.swift in Sources */,
			);
			runOnlyForDeploymentPostprocessing = 0;
		};
/* End PBXSourcesBuildPhase section */

/* Begin PBXVariantGroup section */
		4219A3C91CD38978005354B2 /* Main.storyboard */ = {
			isa = PBXVariantGroup;
			children = (
				4219A3CA1CD38978005354B2 /* Base */,
			);
			name = Main.storyboard;
			sourceTree = "<group>";
		};
		4219A3CE1CD38979005354B2 /* LaunchScreen.storyboard */ = {
			isa = PBXVariantGroup;
			children = (
				4219A3CF1CD38979005354B2 /* Base */,
			);
			name = LaunchScreen.storyboard;
			sourceTree = "<group>";
		};
/* End PBXVariantGroup section */

/* Begin XCBuildConfiguration section */
		4219A3D21CD38979005354B2 /* Debug */ = {
			isa = XCBuildConfiguration;
			buildSettings = {
				ALWAYS_SEARCH_USER_PATHS = NO;
				CLANG_ANALYZER_NONNULL = YES;
				CLANG_CXX_LANGUAGE_STANDARD = "gnu++0x";
				CLANG_CXX_LIBRARY = "libc++";
				CLANG_ENABLE_MODULES = YES;
				CLANG_ENABLE_OBJC_ARC = YES;
				CLANG_WARN_BOOL_CONVERSION = YES;
				CLANG_WARN_CONSTANT_CONVERSION = YES;
				CLANG_WARN_DIRECT_OBJC_ISA_USAGE = YES_ERROR;
				CLANG_WARN_EMPTY_BODY = YES;
				CLANG_WARN_ENUM_CONVERSION = YES;
				CLANG_WARN_INT_CONVERSION = YES;
				CLANG_WARN_OBJC_ROOT_CLASS = YES_ERROR;
				CLANG_WARN_UNREACHABLE_CODE = YES;
				CLANG_WARN__DUPLICATE_METHOD_MATCH = YES;
				"CODE_SIGN_IDENTITY[sdk=iphoneos*]" = "iPhone Developer";
				COPY_PHASE_STRIP = NO;
				DEBUG_INFORMATION_FORMAT = dwarf;
				ENABLE_STRICT_OBJC_MSGSEND = YES;
				ENABLE_TESTABILITY = YES;
				GCC_C_LANGUAGE_STANDARD = gnu99;
				GCC_DYNAMIC_NO_PIC = NO;
				GCC_NO_COMMON_BLOCKS = YES;
				GCC_OPTIMIZATION_LEVEL = 0;
				GCC_PREPROCESSOR_DEFINITIONS = (
					"DEBUG=1",
					"$(inherited)",
				);
				GCC_WARN_64_TO_32_BIT_CONVERSION = YES;
				GCC_WARN_ABOUT_RETURN_TYPE = YES_ERROR;
				GCC_WARN_UNDECLARED_SELECTOR = YES;
				GCC_WARN_UNINITIALIZED_AUTOS = YES_AGGRESSIVE;
				GCC_WARN_UNUSED_FUNCTION = YES;
				GCC_WARN_UNUSED_VARIABLE = YES;
				IPHONEOS_DEPLOYMENT_TARGET = 9.3;
				MTL_ENABLE_DEBUG_INFO = YES;
				ONLY_ACTIVE_ARCH = YES;
				SDKROOT = iphoneos;
				SWIFT_OPTIMIZATION_LEVEL = "-Onone";
				TARGETED_DEVICE_FAMILY = "1,2";
			};
			name = Debug;
		};
		4219A3D31CD38979005354B2 /* Release */ = {
			isa = XCBuildConfiguration;
			buildSettings = {
				ALWAYS_SEARCH_USER_PATHS = NO;
				CLANG_ANALYZER_NONNULL = YES;
				CLANG_CXX_LANGUAGE_STANDARD = "gnu++0x";
				CLANG_CXX_LIBRARY = "libc++";
				CLANG_ENABLE_MODULES = YES;
				CLANG_ENABLE_OBJC_ARC = YES;
				CLANG_WARN_BOOL_CONVERSION = YES;
				CLANG_WARN_CONSTANT_CONVERSION = YES;
				CLANG_WARN_DIRECT_OBJC_ISA_USAGE = YES_ERROR;
				CLANG_WARN_EMPTY_BODY = YES;
				CLANG_WARN_ENUM_CONVERSION = YES;
				CLANG_WARN_INT_CONVERSION = YES;
				CLANG_WARN_OBJC_ROOT_CLASS = YES_ERROR;
				CLANG_WARN_UNREACHABLE_CODE = YES;
				CLANG_WARN__DUPLICATE_METHOD_MATCH = YES;
				"CODE_SIGN_IDENTITY[sdk=iphoneos*]" = "iPhone Developer";
				COPY_PHASE_STRIP = NO;
				DEBUG_INFORMATION_FORMAT = "dwarf-with-dsym";
				ENABLE_NS_ASSERTIONS = NO;
				ENABLE_STRICT_OBJC_MSGSEND = YES;
				GCC_C_LANGUAGE_STANDARD = gnu99;
				GCC_NO_COMMON_BLOCKS = YES;
				GCC_WARN_64_TO_32_BIT_CONVERSION = YES;
				GCC_WARN_ABOUT_RETURN_TYPE = YES_ERROR;
				GCC_WARN_UNDECLARED_SELECTOR = YES;
				GCC_WARN_UNINITIALIZED_AUTOS = YES_AGGRESSIVE;
				GCC_WARN_UNUSED_FUNCTION = YES;
				GCC_WARN_UNUSED_VARIABLE = YES;
				IPHONEOS_DEPLOYMENT_TARGET = 9.3;
				MTL_ENABLE_DEBUG_INFO = NO;
				SDKROOT = iphoneos;
				TARGETED_DEVICE_FAMILY = "1,2";
				VALIDATE_PRODUCT = YES;
			};
			name = Release;
		};
		4219A3D51CD38979005354B2 /* Debug */ = {
			isa = XCBuildConfiguration;
			baseConfigurationReference = E10EA91A37537FDA8409AD62 /* Pods-OWTPhotoChecklist.debug.xcconfig */;
			buildSettings = {
				ASSETCATALOG_COMPILER_APPICON_NAME = AppIcon;
				INFOPLIST_FILE = OWTPhotoChecklist/Info.plist;
				LD_RUNPATH_SEARCH_PATHS = "$(inherited) @executable_path/Frameworks";
				PRODUCT_BUNDLE_IDENTIFIER = com.WERUreo.OWTPhotoChecklist;
				PRODUCT_NAME = "$(TARGET_NAME)";
			};
			name = Debug;
		};
		4219A3D61CD38979005354B2 /* Release */ = {
			isa = XCBuildConfiguration;
			baseConfigurationReference = 3C4570D42EB660BEBDBC1A94 /* Pods-OWTPhotoChecklist.release.xcconfig */;
			buildSettings = {
				ASSETCATALOG_COMPILER_APPICON_NAME = AppIcon;
				INFOPLIST_FILE = OWTPhotoChecklist/Info.plist;
				LD_RUNPATH_SEARCH_PATHS = "$(inherited) @executable_path/Frameworks";
				PRODUCT_BUNDLE_IDENTIFIER = com.WERUreo.OWTPhotoChecklist;
				PRODUCT_NAME = "$(TARGET_NAME)";
			};
			name = Release;
		};
/* End XCBuildConfiguration section */

/* Begin XCConfigurationList section */
		4219A3BD1CD38978005354B2 /* Build configuration list for PBXProject "OWTPhotoChecklist" */ = {
			isa = XCConfigurationList;
			buildConfigurations = (
				4219A3D21CD38979005354B2 /* Debug */,
				4219A3D31CD38979005354B2 /* Release */,
			);
			defaultConfigurationIsVisible = 0;
			defaultConfigurationName = Release;
		};
		4219A3D41CD38979005354B2 /* Build configuration list for PBXNativeTarget "OWTPhotoChecklist" */ = {
			isa = XCConfigurationList;
			buildConfigurations = (
				4219A3D51CD38979005354B2 /* Debug */,
				4219A3D61CD38979005354B2 /* Release */,
			);
			defaultConfigurationIsVisible = 0;
			defaultConfigurationName = Release;
		};
/* End XCConfigurationList section */
	};
	rootObject = 4219A3BA1CD38978005354B2 /* Project object */;
}
